
Microsoft Visual Studio Solution File, Format Version 12.00
# Visual Studio 15
VisualStudioVersion = 15.0.27004.2009
MinimumVisualStudioVersion = 10.0.40219.1
Project("{FAE04EC0-301F-11D3-BF4B-00C04F79EFBC}") = "Lab 06", "MyThread\Lab 06.csproj", "{BE8B80CD-D1A3-4D68-8F14-F0047C524E33}"
EndProject
Global
	GlobalSection(SolutionConfigurationPlatforms) = preSolution
		Debug|Any CPU = Debug|Any CPU
		Release|Any CPU = Release|Any CPU
	EndGlobalSection
	GlobalSection(ProjectConfigurationPlatforms) = postSolution
		{BE8B80CD-D1A3-4D68-8F14-F0047C524E33}.Debug|Any CPU.ActiveCfg = Debug|Any CPU
		{BE8B80CD-D1A3-4D68-8F14-F0047C524E33}.Debug|Any CPU.Build.0 = Debug|Any CPU
		{BE8B80CD-D1A3-4D68-8F14-F0047C524E33}.Release|Any CPU.ActiveCfg = Release|Any CPU
		{BE8B80CD-D1A3-4D68-8F14-F0047C524E33}.Release|Any CPU.Build.0 = Release|Any CPU
	EndGlobalSection
	GlobalSection(SolutionProperties) = preSolution
		HideSolutionNode = FALSE
	EndGlobalSection
	GlobalSection(ExtensibilityGlobals) = postSolution
		SolutionGuid = {A661F369-F755-470C-98D5-1FC925B97BC6}
	EndGlobalSection
EndGlobal
